// !$*UTF8*$!
{
	archiveVersion = 1;
	classes = {
	};
	objectVersion = 46;
	objects = {

/* Begin PBXBuildFile section */
		A546D6871D395B8900E209DC /* AppDelegate.swift in Sources */ = {isa = PBXBuildFile; fileRef = A546D6861D395B8900E209DC /* AppDelegate.swift */; };
		A546D6891D395B8900E209DC /* ViewController.swift in Sources */ = {isa = PBXBuildFile; fileRef = A546D6881D395B8900E209DC /* ViewController.swift */; };
		A546D68C1D395B8900E209DC /* Main.storyboard in Resources */ = {isa = PBXBuildFile; fileRef = A546D68A1D395B8900E209DC /* Main.storyboard */; };
		A546D68E1D395B8900E209DC /* Assets.xcassets in Resources */ = {isa = PBXBuildFile; fileRef = A546D68D1D395B8900E209DC /* Assets.xcassets */; };
		A546D6911D395B8900E209DC /* LaunchScreen.storyboard in Resources */ = {isa = PBXBuildFile; fileRef = A546D68F1D395B8900E209DC /* LaunchScreen.storyboard */; };
		A546D69C1D395B8900E209DC /* superCoolTests.swift in Sources */ = {isa = PBXBuildFile; fileRef = A546D69B1D395B8900E209DC /* superCoolTests.swift */; };
		A546D6A71D395B8900E209DC /* superCoolUITests.swift in Sources */ = {isa = PBXBuildFile; fileRef = A546D6A61D395B8900E209DC /* superCoolUITests.swift */; };
/* End PBXBuildFile section */

/* Begin PBXContainerItemProxy section */
		A546D6981D395B8900E209DC /* PBXContainerItemProxy */ = {
			isa = PBXContainerItemProxy;
			containerPortal = A546D67B1D395B8900E209DC /* Project object */;
			proxyType = 1;
			remoteGlobalIDString = A546D6821D395B8900E209DC;
			remoteInfo = superCool;
		};
		A546D6A31D395B8900E209DC /* PBXContainerItemProxy */ = {
			isa = PBXContainerItemProxy;
			containerPortal = A546D67B1D395B8900E209DC /* Project object */;
			proxyType = 1;
			remoteGlobalIDString = A546D6821D395B8900E209DC;
			remoteInfo = superCool;
		};
/* End PBXContainerItemProxy section */

/* Begin PBXFileReference section */
		A546D6831D395B8900E209DC /* superCool.app */ = {isa = PBXFileReference; explicitFileType = wrapper.application; includeInIndex = 0; path = superCool.app; sourceTree = BUILT_PRODUCTS_DIR; };
		A546D6861D395B8900E209DC /* AppDelegate.swift */ = {isa = PBXFileReference; lastKnownFileType = sourcecode.swift; path = AppDelegate.swift; sourceTree = "<group>"; };
		A546D6881D395B8900E209DC /* ViewController.swift */ = {isa = PBXFileReference; lastKnownFileType = sourcecode.swift; path = ViewController.swift; sourceTree = "<group>"; };
		A546D68B1D395B8900E209DC /* Base */ = {isa = PBXFileReference; lastKnownFileType = file.storyboard; name = Base; path = Base.lproj/Main.storyboard; sourceTree = "<group>"; };
		A546D68D1D395B8900E209DC /* Assets.xcassets */ = {isa = PBXFileReference; lastKnownFileType = folder.assetcatalog; path = Assets.xcassets; sourceTree = "<group>"; };
		A546D6901D395B8900E209DC /* Base */ = {isa = PBXFileReference; lastKnownFileType = file.storyboard; name = Base; path = Base.lproj/LaunchScreen.storyboard; sourceTree = "<group>"; };
		A546D6921D395B8900E209DC /* Info.plist */ = {isa = PBXFileReference; lastKnownFileType = text.plist.xml; path = Info.plist; sourceTree = "<group>"; };
		A546D6971D395B8900E209DC /* superCoolTests.xctest */ = {isa = PBXFileReference; explicitFileType = wrapper.cfbundle; includeInIndex = 0; path = superCoolTests.xctest; sourceTree = BUILT_PRODUCTS_DIR; };
		A546D69B1D395B8900E209DC /* superCoolTests.swift */ = {isa = PBXFileReference; lastKnownFileType = sourcecode.swift; path = superCoolTests.swift; sourceTree = "<group>"; };
		A546D69D1D395B8900E209DC /* Info.plist */ = {isa = PBXFileReference; lastKnownFileType = text.plist.xml; path = Info.plist; sourceTree = "<group>"; };
		A546D6A21D395B8900E209DC /* superCoolUITests.xctest */ = {isa = PBXFileReference; explicitFileType = wrapper.cfbundle; includeInIndex = 0; path = superCoolUITests.xctest; sourceTree = BUILT_PRODUCTS_DIR; };
		A546D6A61D395B8900E209DC /* superCoolUITests.swift */ = {isa = PBXFileReference; lastKnownFileType = sourcecode.swift; path = superCoolUITests.swift; sourceTree = "<group>"; };
		A546D6A81D395B8900E209DC /* Info.plist */ = {isa = PBXFileReference; lastKnownFileType = text.plist.xml; path = Info.plist; sourceTree = "<group>"; };
/* End PBXFileReference section */

/* Begin PBXFrameworksBuildPhase section */
		A546D6801D395B8900E209DC /* Frameworks */ = {
			isa = PBXFrameworksBuildPhase;
			buildActionMask = 2147483647;
			files = (
			);
			runOnlyForDeploymentPostprocessing = 0;
		};
		A546D6941D395B8900E209DC /* Frameworks */ = {
			isa = PBXFrameworksBuildPhase;
			buildActionMask = 2147483647;
			files = (
			);
			runOnlyForDeploymentPostprocessing = 0;
		};
		A546D69F1D395B8900E209DC /* Frameworks */ = {
			isa = PBXFrameworksBuildPhase;
			buildActionMask = 2147483647;
			files = (
			);
			runOnlyForDeploymentPostprocessing = 0;
		};
/* End PBXFrameworksBuildPhase section */

/* Begin PBXGroup section */
		A546D67A1D395B8900E209DC = {
			isa = PBXGroup;
			children = (
				A546D6851D395B8900E209DC /* superCool */,
				A546D69A1D395B8900E209DC /* superCoolTests */,
				A546D6A51D395B8900E209DC /* superCoolUITests */,
				A546D6841D395B8900E209DC /* Products */,
			);
			sourceTree = "<group>";
		};
		A546D6841D395B8900E209DC /* Products */ = {
			isa = PBXGroup;
			children = (
				A546D6831D395B8900E209DC /* superCool.app */,
				A546D6971D395B8900E209DC /* superCoolTests.xctest */,
				A546D6A21D395B8900E209DC /* superCoolUITests.xctest */,
			);
			name = Products;
			sourceTree = "<group>";
		};
		A546D6851D395B8900E209DC /* superCool */ = {
			isa = PBXGroup;
			children = (
				A546D6861D395B8900E209DC /* AppDelegate.swift */,
				A546D6881D395B8900E209DC /* ViewController.swift */,
				A546D68A1D395B8900E209DC /* Main.storyboard */,
				A546D68D1D395B8900E209DC /* Assets.xcassets */,
				A546D68F1D395B8900E209DC /* LaunchScreen.storyboard */,
				A546D6921D395B8900E209DC /* Info.plist */,
			);
			path = superCool;
			sourceTree = "<group>";
		};
		A546D69A1D395B8900E209DC /* superCoolTests */ = {
			isa = PBXGroup;
			children = (
				A546D69B1D395B8900E209DC /* superCoolTests.swift */,
				A546D69D1D395B8900E209DC /* Info.plist */,
			);
			path = superCoolTests;
			sourceTree = "<group>";
		};
		A546D6A51D395B8900E209DC /* superCoolUITests */ = {
			isa = PBXGroup;
			children = (
				A546D6A61D395B8900E209DC /* superCoolUITests.swift */,
				A546D6A81D395B8900E209DC /* Info.plist */,
			);
			path = superCoolUITests;
			sourceTree = "<group>";
		};
/* End PBXGroup section */

/* Begin PBXNativeTarget section */
		A546D6821D395B8900E209DC /* superCool */ = {
			isa = PBXNativeTarget;
			buildConfigurationList = A546D6AB1D395B8900E209DC /* Build configuration list for PBXNativeTarget "superCool" */;
			buildPhases = (
				A546D67F1D395B8900E209DC /* Sources */,
				A546D6801D395B8900E209DC /* Frameworks */,
				A546D6811D395B8900E209DC /* Resources */,
			);
			buildRules = (
			);
			dependencies = (
			);
			name = superCool;
			productName = superCool;
			productReference = A546D6831D395B8900E209DC /* superCool.app */;
			productType = "com.apple.product-type.application";
		};
		A546D6961D395B8900E209DC /* superCoolTests */ = {
			isa = PBXNativeTarget;
			buildConfigurationList = A546D6AE1D395B8900E209DC /* Build configuration list for PBXNativeTarget "superCoolTests" */;
			buildPhases = (
				A546D6931D395B8900E209DC /* Sources */,
				A546D6941D395B8900E209DC /* Frameworks */,
				A546D6951D395B8900E209DC /* Resources */,
			);
			buildRules = (
			);
			dependencies = (
				A546D6991D395B8900E209DC /* PBXTargetDependency */,
			);
			name = superCoolTests;
			productName = superCoolTests;
			productReference = A546D6971D395B8900E209DC /* superCoolTests.xctest */;
			productType = "com.apple.product-type.bundle.unit-test";
		};
		A546D6A11D395B8900E209DC /* superCoolUITests */ = {
			isa = PBXNativeTarget;
			buildConfigurationList = A546D6B11D395B8900E209DC /* Build configuration list for PBXNativeTarget "superCoolUITests" */;
			buildPhases = (
				A546D69E1D395B8900E209DC /* Sources */,
				A546D69F1D395B8900E209DC /* Frameworks */,
				A546D6A01D395B8900E209DC /* Resources */,
			);
			buildRules = (
			);
			dependencies = (
				A546D6A41D395B8900E209DC /* PBXTargetDependency */,
			);
			name = superCoolUITests;
			productName = superCoolUITests;
			productReference = A546D6A21D395B8900E209DC /* superCoolUITests.xctest */;
			productType = "com.apple.product-type.bundle.ui-testing";
		};
/* End PBXNativeTarget section */

/* Begin PBXProject section */
		A546D67B1D395B8900E209DC /* Project object */ = {
			isa = PBXProject;
			attributes = {
				LastSwiftUpdateCheck = 0730;
				LastUpgradeCheck = 0730;
				ORGANIZATIONNAME = "Anthony Kilde";
				TargetAttributes = {
					A546D6821D395B8900E209DC = {
						CreatedOnToolsVersion = 7.3.1;
					};
					A546D6961D395B8900E209DC = {
						CreatedOnToolsVersion = 7.3.1;
						TestTargetID = A546D6821D395B8900E209DC;
					};
					A546D6A11D395B8900E209DC = {
						CreatedOnToolsVersion = 7.3.1;
						TestTargetID = A546D6821D395B8900E209DC;
					};
				};
			};
			buildConfigurationList = A546D67E1D395B8900E209DC /* Build configuration list for PBXProject "superCool" */;
			compatibilityVersion = "Xcode 3.2";
			developmentRegion = English;
			hasScannedForEncodings = 0;
			knownRegions = (
				en,
				Base,
			);
			mainGroup = A546D67A1D395B8900E209DC;
			productRefGroup = A546D6841D395B8900E209DC /* Products */;
			projectDirPath = "";
			projectRoot = "";
			targets = (
				A546D6821D395B8900E209DC /* superCool */,
				A546D6961D395B8900E209DC /* superCoolTests */,
				A546D6A11D395B8900E209DC /* superCoolUITests */,
			);
		};
/* End PBXProject section */

/* Begin PBXResourcesBuildPhase section */
		A546D6811D395B8900E209DC /* Resources */ = {
			isa = PBXResourcesBuildPhase;
			buildActionMask = 2147483647;
			files = (
				A546D6911D395B8900E209DC /* LaunchScreen.storyboard in Resources */,
				A546D68E1D395B8900E209DC /* Assets.xcassets in Resources */,
				A546D68C1D395B8900E209DC /* Main.storyboard in Resources */,
			);
			runOnlyForDeploymentPostprocessing = 0;
		};
		A546D6951D395B8900E209DC /* Resources */ = {
			isa = PBXResourcesBuildPhase;
			buildActionMask = 2147483647;
			files = (
			);
			runOnlyForDeploymentPostprocessing = 0;
		};
		A546D6A01D395B8900E209DC /* Resources */ = {
			isa = PBXResourcesBuildPhase;
			buildActionMask = 2147483647;
			files = (
			);
			runOnlyForDeploymentPostprocessing = 0;
		};
/* End PBXResourcesBuildPhase section */

/* Begin PBXSourcesBuildPhase section */
		A546D67F1D395B8900E209DC /* Sources */ = {
			isa = PBXSourcesBuildPhase;
			buildActionMask = 2147483647;
			files = (
				A546D6891D395B8900E209DC /* ViewController.swift in Sources */,
				A546D6871D395B8900E209DC /* AppDelegate.swift in Sources */,
			);
			runOnlyForDeploymentPostprocessing = 0;
		};
		A546D6931D395B8900E209DC /* Sources */ = {
			isa = PBXSourcesBuildPhase;
			buildActionMask = 2147483647;
			files = (
				A546D69C1D395B8900E209DC /* superCoolTests.swift in Sources */,
			);
			runOnlyForDeploymentPostprocessing = 0;
		};
		A546D69E1D395B8900E209DC /* Sources */ = {
			isa = PBXSourcesBuildPhase;
			buildActionMask = 2147483647;
			files = (
				A546D6A71D395B8900E209DC /* superCoolUITests.swift in Sources */,
			);
			runOnlyForDeploymentPostprocessing = 0;
		};
/* End PBXSourcesBuildPhase section */

/* Begin PBXTargetDependency section */
		A546D6991D395B8900E209DC /* PBXTargetDependency */ = {
			isa = PBXTargetDependency;
			target = A546D6821D395B8900E209DC /* superCool */;
			targetProxy = A546D6981D395B8900E209DC /* PBXContainerItemProxy */;
		};
		A546D6A41D395B8900E209DC /* PBXTargetDependency */ = {
			isa = PBXTargetDependency;
			target = A546D6821D395B8900E209DC /* superCool */;
			targetProxy = A546D6A31D395B8900E209DC /* PBXContainerItemProxy */;
		};
/* End PBXTargetDependency section */

/* Begin PBXVariantGroup section */
		A546D68A1D395B8900E209DC /* Main.storyboard */ = {
			isa = PBXVariantGroup;
			children = (
				A546D68B1D395B8900E209DC /* Base */,
			);
			name = Main.storyboard;
			sourceTree = "<group>";
		};
		A546D68F1D395B8900E209DC /* LaunchScreen.storyboard */ = {
			isa = PBXVariantGroup;
			children = (
				A546D6901D395B8900E209DC /* Base */,
			);
			name = LaunchScreen.storyboard;
			sourceTree = "<group>";
		};
/* End PBXVariantGroup section */

/* Begin XCBuildConfiguration section */
		A546D6A91D395B8900E209DC /* Debug */ = {
			isa = XCBuildConfiguration;
			buildSettings = {
				ALWAYS_SEARCH_USER_PATHS = NO;
				CLANG_ANALYZER_NONNULL = YES;
				CLANG_CXX_LANGUAGE_STANDARD = "gnu++0x";
				CLANG_CXX_LIBRARY = "libc++";
				CLANG_ENABLE_MODULES = YES;
				CLANG_ENABLE_OBJC_ARC = YES;
				CLANG_WARN_BOOL_CONVERSION = YES;
				CLANG_WARN_CONSTANT_CONVERSION = YES;
				CLANG_WARN_DIRECT_OBJC_ISA_USAGE = YES_ERROR;
				CLANG_WARN_EMPTY_BODY = YES;
				CLANG_WARN_ENUM_CONVERSION = YES;
				CLANG_WARN_INT_CONVERSION = YES;
				CLANG_WARN_OBJC_ROOT_CLASS = YES_ERROR;
				CLANG_WARN_UNREACHABLE_CODE = YES;
				CLANG_WARN__DUPLICATE_METHOD_MATCH = YES;
				"CODE_SIGN_IDENTITY[sdk=iphoneos*]" = "iPhone Developer";
				COPY_PHASE_STRIP = NO;
				DEBUG_INFORMATION_FORMAT = dwarf;
				ENABLE_STRICT_OBJC_MSGSEND = YES;
				ENABLE_TESTABILITY = YES;
				GCC_C_LANGUAGE_STANDARD = gnu99;
				GCC_DYNAMIC_NO_PIC = NO;
				GCC_NO_COMMON_BLOCKS = YES;
				GCC_OPTIMIZATION_LEVEL = 0;
				GCC_PREPROCESSOR_DEFINITIONS = (
					"DEBUG=1",
					"$(inherited)",
				);
				GCC_WARN_64_TO_32_BIT_CONVERSION = YES;
				GCC_WARN_ABOUT_RETURN_TYPE = YES_ERROR;
				GCC_WARN_UNDECLARED_SELECTOR = YES;
				GCC_WARN_UNINITIALIZED_AUTOS = YES_AGGRESSIVE;
				GCC_WARN_UNUSED_FUNCTION = YES;
				GCC_WARN_UNUSED_VARIABLE = YES;
				IPHONEOS_DEPLOYMENT_TARGET = 9.3;
				MTL_ENABLE_DEBUG_INFO = YES;
				ONLY_ACTIVE_ARCH = YES;
				SDKROOT = iphoneos;
				SWIFT_OPTIMIZATION_LEVEL = "-Onone";
			};
			name = Debug;
		};
		A546D6AA1D395B8900E209DC /* Release */ = {
			isa = XCBuildConfiguration;
			buildSettings = {
				ALWAYS_SEARCH_USER_PATHS = NO;
				CLANG_ANALYZER_NONNULL = YES;
				CLANG_CXX_LANGUAGE_STANDARD = "gnu++0x";
				CLANG_CXX_LIBRARY = "libc++";
				CLANG_ENABLE_MODULES = YES;
				CLANG_ENABLE_OBJC_ARC = YES;
				CLANG_WARN_BOOL_CONVERSION = YES;
				CLANG_WARN_CONSTANT_CONVERSION = YES;
				CLANG_WARN_DIRECT_OBJC_ISA_USAGE = YES_ERROR;
				CLANG_WARN_EMPTY_BODY = YES;
				CLANG_WARN_ENUM_CONVERSION = YES;
				CLANG_WARN_INT_CONVERSION = YES;
				CLANG_WARN_OBJC_ROOT_CLASS = YES_ERROR;
				CLANG_WARN_UNREACHABLE_CODE = YES;
				CLANG_WARN__DUPLICATE_METHOD_MATCH = YES;
				"CODE_SIGN_IDENTITY[sdk=iphoneos*]" = "iPhone Developer";
				COPY_PHASE_STRIP = NO;
				DEBUG_INFORMATION_FORMAT = "dwarf-with-dsym";
				ENABLE_NS_ASSERTIONS = NO;
				ENABLE_STRICT_OBJC_MSGSEND = YES;
				GCC_C_LANGUAGE_STANDARD = gnu99;
				GCC_NO_COMMON_BLOCKS = YES;
				GCC_WARN_64_TO_32_BIT_CONVERSION = YES;
				GCC_WARN_ABOUT_RETURN_TYPE = YES_ERROR;
				GCC_WARN_UNDECLARED_SELECTOR = YES;
				GCC_WARN_UNINITIALIZED_AUTOS = YES_AGGRESSIVE;
				GCC_WARN_UNUSED_FUNCTION = YES;
				GCC_WARN_UNUSED_VARIABLE = YES;
				IPHONEOS_DEPLOYMENT_TARGET = 9.3;
				MTL_ENABLE_DEBUG_INFO = NO;
				SDKROOT = iphoneos;
				VALIDATE_PRODUCT = YES;
			};
			name = Release;
		};
		A546D6AC1D395B8900E209DC /* Debug */ = {
			isa = XCBuildConfiguration;
			buildSettings = {
				ASSETCATALOG_COMPILER_APPICON_NAME = AppIcon;
				INFOPLIST_FILE = superCool/Info.plist;
				LD_RUNPATH_SEARCH_PATHS = "$(inherited) @executable_path/Frameworks";
				PRODUCT_BUNDLE_IDENTIFIER = RoxZonix.superCool;
				PRODUCT_NAME = "$(TARGET_NAME)";
			};
			name = Debug;
		};
		A546D6AD1D395B8900E209DC /* Release */ = {
			isa = XCBuildConfiguration;
			buildSettings = {
				ASSETCATALOG_COMPILER_APPICON_NAME = AppIcon;
				INFOPLIST_FILE = superCool/Info.plist;
				LD_RUNPATH_SEARCH_PATHS = "$(inherited) @executable_path/Frameworks";
				PRODUCT_BUNDLE_IDENTIFIER = RoxZonix.superCool;
				PRODUCT_NAME = "$(TARGET_NAME)";
			};
			name = Release;
		};
		A546D6AF1D395B8900E209DC /* Debug */ = {
			isa = XCBuildConfiguration;
			buildSettings = {
				BUNDLE_LOADER = "$(TEST_HOST)";
				INFOPLIST_FILE = superCoolTests/Info.plist;
				LD_RUNPATH_SEARCH_PATHS = "$(inherited) @executable_path/Frameworks @loader_path/Frameworks";
				PRODUCT_BUNDLE_IDENTIFIER = RoxZonix.superCoolTests;
				PRODUCT_NAME = "$(TARGET_NAME)";
				TEST_HOST = "$(BUILT_PRODUCTS_DIR)/superCool.app/superCool";
			};
			name = Debug;
		};
		A546D6B01D395B8900E209DC /* Release */ = {
			isa = XCBuildConfiguration;
			buildSettings = {
				BUNDLE_LOADER = "$(TEST_HOST)";
				INFOPLIST_FILE = superCoolTests/Info.plist;
				LD_RUNPATH_SEARCH_PATHS = "$(inherited) @executable_path/Frameworks @loader_path/Frameworks";
				PRODUCT_BUNDLE_IDENTIFIER = RoxZonix.superCoolTests;
				PRODUCT_NAME = "$(TARGET_NAME)";
				TEST_HOST = "$(BUILT_PRODUCTS_DIR)/superCool.app/superCool";
			};
			name = Release;
		};
		A546D6B21D395B8900E209DC /* Debug */ = {
			isa = XCBuildConfiguration;
			buildSettings = {
				INFOPLIST_FILE = superCoolUITests/Info.plist;
				LD_RUNPATH_SEARCH_PATHS = "$(inherited) @executable_path/Frameworks @loader_path/Frameworks";
				PRODUCT_BUNDLE_IDENTIFIER = RoxZonix.superCoolUITests;
				PRODUCT_NAME = "$(TARGET_NAME)";
				TEST_TARGET_NAME = superCool;
			};
			name = Debug;
		};
		A546D6B31D395B8900E209DC /* Release */ = {
			isa = XCBuildConfiguration;
			buildSettings = {
				INFOPLIST_FILE = superCoolUITests/Info.plist;
				LD_RUNPATH_SEARCH_PATHS = "$(inherited) @executable_path/Frameworks @loader_path/Frameworks";
				PRODUCT_BUNDLE_IDENTIFIER = RoxZonix.superCoolUITests;
				PRODUCT_NAME = "$(TARGET_NAME)";
				TEST_TARGET_NAME = superCool;
			};
			name = Release;
		};
/* End XCBuildConfiguration section */

/* Begin XCConfigurationList section */
		A546D67E1D395B8900E209DC /* Build configuration list for PBXProject "superCool" */ = {
			isa = XCConfigurationList;
			buildConfigurations = (
				A546D6A91D395B8900E209DC /* Debug */,
				A546D6AA1D395B8900E209DC /* Release */,
			);
			defaultConfigurationIsVisible = 0;
			defaultConfigurationName = Release;
		};
		A546D6AB1D395B8900E209DC /* Build configuration list for PBXNativeTarget "superCool" */ = {
			isa = XCConfigurationList;
			buildConfigurations = (
				A546D6AC1D395B8900E209DC /* Debug */,
				A546D6AD1D395B8900E209DC /* Release */,
			);
			defaultConfigurationIsVisible = 0;
		};
		A546D6AE1D395B8900E209DC /* Build configuration list for PBXNativeTarget "superCoolTests" */ = {
			isa = XCConfigurationList;
			buildConfigurations = (
				A546D6AF1D395B8900E209DC /* Debug */,
				A546D6B01D395B8900E209DC /* Release */,
			);
			defaultConfigurationIsVisible = 0;
		};
		A546D6B11D395B8900E209DC /* Build configuration list for PBXNativeTarget "superCoolUITests" */ = {
			isa = XCConfigurationList;
			buildConfigurations = (
				A546D6B21D395B8900E209DC /* Debug */,
				A546D6B31D395B8900E209DC /* Release */,
			);
			defaultConfigurationIsVisible = 0;
		};
/* End XCConfigurationList section */
	};
	rootObject = A546D67B1D395B8900E209DC /* Project object */;
}
